
Microsoft Visual Studio Solution File, Format Version 12.00
Project("{FAE04EC0-301F-11D3-BF4B-00C04F79EFBC}") = "Superb", "Superb\Superb.csproj", "{74B0FA35-178C-42BD-BB7B-C147F9F25BF7}"
EndProject
Project("{FAE04EC0-301F-11D3-BF4B-00C04F79EFBC}") = "Superb.Tests", "Superb.Tests\Superb.Tests.csproj", "{EAAD93A7-E20B-4422-A29D-B3083F49F738}"
EndProject
Project("{FAE04EC0-301F-11D3-BF4B-00C04F79EFBC}") = "Superb.PerformanceTests", "Superb.PerformanceTests\Superb.PerformanceTests.csproj", "{EBCBBB53-AB6E-4CCB-8526-B18129D73839}"
EndProject
Project("{FAE04EC0-301F-11D3-BF4B-00C04F79EFBC}") = "Superb.Core", "Superb.Core\Superb.Core.csproj", "{6D72D9E6-F058-4FE8-93B7-153A4FB9E5A6}"
EndProject
Global
	GlobalSection(SolutionConfigurationPlatforms) = preSolution
		Debug|Any CPU = Debug|Any CPU
		Release|Any CPU = Release|Any CPU
	EndGlobalSection
	GlobalSection(ProjectConfigurationPlatforms) = postSolution
		{74B0FA35-178C-42BD-BB7B-C147F9F25BF7}.Debug|Any CPU.ActiveCfg = Debug|Any CPU
		{74B0FA35-178C-42BD-BB7B-C147F9F25BF7}.Debug|Any CPU.Build.0 = Debug|Any CPU
		{74B0FA35-178C-42BD-BB7B-C147F9F25BF7}.Release|Any CPU.ActiveCfg = Release|Any CPU
		{74B0FA35-178C-42BD-BB7B-C147F9F25BF7}.Release|Any CPU.Build.0 = Release|Any CPU
		{EAAD93A7-E20B-4422-A29D-B3083F49F738}.Debug|Any CPU.ActiveCfg = Debug|Any CPU
		{EAAD93A7-E20B-4422-A29D-B3083F49F738}.Debug|Any CPU.Build.0 = Debug|Any CPU
		{EAAD93A7-E20B-4422-A29D-B3083F49F738}.Release|Any CPU.ActiveCfg = Release|Any CPU
		{EAAD93A7-E20B-4422-A29D-B3083F49F738}.Release|Any CPU.Build.0 = Release|Any CPU
		{EBCBBB53-AB6E-4CCB-8526-B18129D73839}.Debug|Any CPU.ActiveCfg = Debug|Any CPU
		{EBCBBB53-AB6E-4CCB-8526-B18129D73839}.Debug|Any CPU.Build.0 = Debug|Any CPU
		{EBCBBB53-AB6E-4CCB-8526-B18129D73839}.Release|Any CPU.ActiveCfg = Release|Any CPU
		{EBCBBB53-AB6E-4CCB-8526-B18129D73839}.Release|Any CPU.Build.0 = Release|Any CPU
		{6D72D9E6-F058-4FE8-93B7-153A4FB9E5A6}.Debug|Any CPU.ActiveCfg = Debug|Any CPU
		{6D72D9E6-F058-4FE8-93B7-153A4FB9E5A6}.Debug|Any CPU.Build.0 = Debug|Any CPU
		{6D72D9E6-F058-4FE8-93B7-153A4FB9E5A6}.Release|Any CPU.ActiveCfg = Release|Any CPU
		{6D72D9E6-F058-4FE8-93B7-153A4FB9E5A6}.Release|Any CPU.Build.0 = Release|Any CPU
	EndGlobalSection
EndGlobal
